// !$*UTF8*$!
{
	archiveVersion = 1;
	classes = {
	};
	objectVersion = 50;
	objects = {

/* Begin PBXBuildFile section */
		C2DEB81A2439125F003BDFB4 /* AppDelegate.swift in Sources */ = {isa = PBXBuildFile; fileRef = C2DEB8192439125F003BDFB4 /* AppDelegate.swift */; };
		C2DEB81C2439125F003BDFB4 /* ViewController.swift in Sources */ = {isa = PBXBuildFile; fileRef = C2DEB81B2439125F003BDFB4 /* ViewController.swift */; };
		C2DEB81F2439125F003BDFB4 /* Main.storyboard in Resources */ = {isa = PBXBuildFile; fileRef = C2DEB81D2439125F003BDFB4 /* Main.storyboard */; };
		C2DEB82124391260003BDFB4 /* Assets.xcassets in Resources */ = {isa = PBXBuildFile; fileRef = C2DEB82024391260003BDFB4 /* Assets.xcassets */; };
		C2DEB82424391260003BDFB4 /* LaunchScreen.storyboard in Resources */ = {isa = PBXBuildFile; fileRef = C2DEB82224391260003BDFB4 /* LaunchScreen.storyboard */; };
		C2DEB82F24391260003BDFB4 /* _1_LightTests.swift in Sources */ = {isa = PBXBuildFile; fileRef = C2DEB82E24391260003BDFB4 /* _1_LightTests.swift */; };
		C2DEB83A24391260003BDFB4 /* _1_LightUITests.swift in Sources */ = {isa = PBXBuildFile; fileRef = C2DEB83924391260003BDFB4 /* _1_LightUITests.swift */; };
/* End PBXBuildFile section */

/* Begin PBXContainerItemProxy section */
		C2DEB82B24391260003BDFB4 /* PBXContainerItemProxy */ = {
			isa = PBXContainerItemProxy;
			containerPortal = C2DEB80E2439125F003BDFB4 /* Project object */;
			proxyType = 1;
			remoteGlobalIDString = C2DEB8152439125F003BDFB4;
			remoteInfo = "01-Light";
		};
		C2DEB83624391260003BDFB4 /* PBXContainerItemProxy */ = {
			isa = PBXContainerItemProxy;
			containerPortal = C2DEB80E2439125F003BDFB4 /* Project object */;
			proxyType = 1;
			remoteGlobalIDString = C2DEB8152439125F003BDFB4;
			remoteInfo = "01-Light";
		};
/* End PBXContainerItemProxy section */

/* Begin PBXFileReference section */
		C2DEB8162439125F003BDFB4 /* 01-Light.app */ = {isa = PBXFileReference; explicitFileType = wrapper.application; includeInIndex = 0; path = "01-Light.app"; sourceTree = BUILT_PRODUCTS_DIR; };
		C2DEB8192439125F003BDFB4 /* AppDelegate.swift */ = {isa = PBXFileReference; lastKnownFileType = sourcecode.swift; path = AppDelegate.swift; sourceTree = "<group>"; };
		C2DEB81B2439125F003BDFB4 /* ViewController.swift */ = {isa = PBXFileReference; lastKnownFileType = sourcecode.swift; path = ViewController.swift; sourceTree = "<group>"; };
		C2DEB81E2439125F003BDFB4 /* Base */ = {isa = PBXFileReference; lastKnownFileType = file.storyboard; name = Base; path = Base.lproj/Main.storyboard; sourceTree = "<group>"; };
		C2DEB82024391260003BDFB4 /* Assets.xcassets */ = {isa = PBXFileReference; lastKnownFileType = folder.assetcatalog; path = Assets.xcassets; sourceTree = "<group>"; };
		C2DEB82324391260003BDFB4 /* Base */ = {isa = PBXFileReference; lastKnownFileType = file.storyboard; name = Base; path = Base.lproj/LaunchScreen.storyboard; sourceTree = "<group>"; };
		C2DEB82524391260003BDFB4 /* Info.plist */ = {isa = PBXFileReference; lastKnownFileType = text.plist.xml; path = Info.plist; sourceTree = "<group>"; };
		C2DEB82A24391260003BDFB4 /* 01-LightTests.xctest */ = {isa = PBXFileReference; explicitFileType = wrapper.cfbundle; includeInIndex = 0; path = "01-LightTests.xctest"; sourceTree = BUILT_PRODUCTS_DIR; };
		C2DEB82E24391260003BDFB4 /* _1_LightTests.swift */ = {isa = PBXFileReference; lastKnownFileType = sourcecode.swift; path = _1_LightTests.swift; sourceTree = "<group>"; };
		C2DEB83024391260003BDFB4 /* Info.plist */ = {isa = PBXFileReference; lastKnownFileType = text.plist.xml; path = Info.plist; sourceTree = "<group>"; };
		C2DEB83524391260003BDFB4 /* 01-LightUITests.xctest */ = {isa = PBXFileReference; explicitFileType = wrapper.cfbundle; includeInIndex = 0; path = "01-LightUITests.xctest"; sourceTree = BUILT_PRODUCTS_DIR; };
		C2DEB83924391260003BDFB4 /* _1_LightUITests.swift */ = {isa = PBXFileReference; lastKnownFileType = sourcecode.swift; path = _1_LightUITests.swift; sourceTree = "<group>"; };
		C2DEB83B24391260003BDFB4 /* Info.plist */ = {isa = PBXFileReference; lastKnownFileType = text.plist.xml; path = Info.plist; sourceTree = "<group>"; };
/* End PBXFileReference section */

/* Begin PBXFrameworksBuildPhase section */
		C2DEB8132439125F003BDFB4 /* Frameworks */ = {
			isa = PBXFrameworksBuildPhase;
			buildActionMask = 2147483647;
			files = (
			);
			runOnlyForDeploymentPostprocessing = 0;
		};
		C2DEB82724391260003BDFB4 /* Frameworks */ = {
			isa = PBXFrameworksBuildPhase;
			buildActionMask = 2147483647;
			files = (
			);
			runOnlyForDeploymentPostprocessing = 0;
		};
		C2DEB83224391260003BDFB4 /* Frameworks */ = {
			isa = PBXFrameworksBuildPhase;
			buildActionMask = 2147483647;
			files = (
			);
			runOnlyForDeploymentPostprocessing = 0;
		};
/* End PBXFrameworksBuildPhase section */

/* Begin PBXGroup section */
		C2DEB80D2439125F003BDFB4 = {
			isa = PBXGroup;
			children = (
				C2DEB8182439125F003BDFB4 /* 01-Light */,
				C2DEB82D24391260003BDFB4 /* 01-LightTests */,
				C2DEB83824391260003BDFB4 /* 01-LightUITests */,
				C2DEB8172439125F003BDFB4 /* Products */,
			);
			sourceTree = "<group>";
		};
		C2DEB8172439125F003BDFB4 /* Products */ = {
			isa = PBXGroup;
			children = (
				C2DEB8162439125F003BDFB4 /* 01-Light.app */,
				C2DEB82A24391260003BDFB4 /* 01-LightTests.xctest */,
				C2DEB83524391260003BDFB4 /* 01-LightUITests.xctest */,
			);
			name = Products;
			sourceTree = "<group>";
		};
		C2DEB8182439125F003BDFB4 /* 01-Light */ = {
			isa = PBXGroup;
			children = (
				C2DEB8192439125F003BDFB4 /* AppDelegate.swift */,
				C2DEB81B2439125F003BDFB4 /* ViewController.swift */,
				C2DEB81D2439125F003BDFB4 /* Main.storyboard */,
				C2DEB82024391260003BDFB4 /* Assets.xcassets */,
				C2DEB82224391260003BDFB4 /* LaunchScreen.storyboard */,
				C2DEB82524391260003BDFB4 /* Info.plist */,
			);
			path = "01-Light";
			sourceTree = "<group>";
		};
		C2DEB82D24391260003BDFB4 /* 01-LightTests */ = {
			isa = PBXGroup;
			children = (
				C2DEB82E24391260003BDFB4 /* _1_LightTests.swift */,
				C2DEB83024391260003BDFB4 /* Info.plist */,
			);
			path = "01-LightTests";
			sourceTree = "<group>";
		};
		C2DEB83824391260003BDFB4 /* 01-LightUITests */ = {
			isa = PBXGroup;
			children = (
				C2DEB83924391260003BDFB4 /* _1_LightUITests.swift */,
				C2DEB83B24391260003BDFB4 /* Info.plist */,
			);
			path = "01-LightUITests";
			sourceTree = "<group>";
		};
/* End PBXGroup section */

/* Begin PBXNativeTarget section */
		C2DEB8152439125F003BDFB4 /* 01-Light */ = {
			isa = PBXNativeTarget;
			buildConfigurationList = C2DEB83E24391260003BDFB4 /* Build configuration list for PBXNativeTarget "01-Light" */;
			buildPhases = (
				C2DEB8122439125F003BDFB4 /* Sources */,
				C2DEB8132439125F003BDFB4 /* Frameworks */,
				C2DEB8142439125F003BDFB4 /* Resources */,
			);
			buildRules = (
			);
			dependencies = (
			);
			name = "01-Light";
			productName = "01-Light";
			productReference = C2DEB8162439125F003BDFB4 /* 01-Light.app */;
			productType = "com.apple.product-type.application";
		};
		C2DEB82924391260003BDFB4 /* 01-LightTests */ = {
			isa = PBXNativeTarget;
			buildConfigurationList = C2DEB84124391260003BDFB4 /* Build configuration list for PBXNativeTarget "01-LightTests" */;
			buildPhases = (
				C2DEB82624391260003BDFB4 /* Sources */,
				C2DEB82724391260003BDFB4 /* Frameworks */,
				C2DEB82824391260003BDFB4 /* Resources */,
			);
			buildRules = (
			);
			dependencies = (
				C2DEB82C24391260003BDFB4 /* PBXTargetDependency */,
			);
			name = "01-LightTests";
			productName = "01-LightTests";
			productReference = C2DEB82A24391260003BDFB4 /* 01-LightTests.xctest */;
			productType = "com.apple.product-type.bundle.unit-test";
		};
		C2DEB83424391260003BDFB4 /* 01-LightUITests */ = {
			isa = PBXNativeTarget;
			buildConfigurationList = C2DEB84424391260003BDFB4 /* Build configuration list for PBXNativeTarget "01-LightUITests" */;
			buildPhases = (
				C2DEB83124391260003BDFB4 /* Sources */,
				C2DEB83224391260003BDFB4 /* Frameworks */,
				C2DEB83324391260003BDFB4 /* Resources */,
			);
			buildRules = (
			);
			dependencies = (
				C2DEB83724391260003BDFB4 /* PBXTargetDependency */,
			);
			name = "01-LightUITests";
			productName = "01-LightUITests";
			productReference = C2DEB83524391260003BDFB4 /* 01-LightUITests.xctest */;
			productType = "com.apple.product-type.bundle.ui-testing";
		};
/* End PBXNativeTarget section */

/* Begin PBXProject section */
		C2DEB80E2439125F003BDFB4 /* Project object */ = {
			isa = PBXProject;
			attributes = {
				LastSwiftUpdateCheck = 1030;
				LastUpgradeCheck = 1030;
				ORGANIZATIONNAME = "Arman Riasi";
				TargetAttributes = {
					C2DEB8152439125F003BDFB4 = {
						CreatedOnToolsVersion = 10.3;
					};
					C2DEB82924391260003BDFB4 = {
						CreatedOnToolsVersion = 10.3;
						TestTargetID = C2DEB8152439125F003BDFB4;
					};
					C2DEB83424391260003BDFB4 = {
						CreatedOnToolsVersion = 10.3;
						TestTargetID = C2DEB8152439125F003BDFB4;
					};
				};
			};
			buildConfigurationList = C2DEB8112439125F003BDFB4 /* Build configuration list for PBXProject "01-Light" */;
			compatibilityVersion = "Xcode 9.3";
			developmentRegion = en;
			hasScannedForEncodings = 0;
			knownRegions = (
				en,
				Base,
			);
			mainGroup = C2DEB80D2439125F003BDFB4;
			productRefGroup = C2DEB8172439125F003BDFB4 /* Products */;
			projectDirPath = "";
			projectRoot = "";
			targets = (
				C2DEB8152439125F003BDFB4 /* 01-Light */,
				C2DEB82924391260003BDFB4 /* 01-LightTests */,
				C2DEB83424391260003BDFB4 /* 01-LightUITests */,
			);
		};
/* End PBXProject section */

/* Begin PBXResourcesBuildPhase section */
		C2DEB8142439125F003BDFB4 /* Resources */ = {
			isa = PBXResourcesBuildPhase;
			buildActionMask = 2147483647;
			files = (
				C2DEB82424391260003BDFB4 /* LaunchScreen.storyboard in Resources */,
				C2DEB82124391260003BDFB4 /* Assets.xcassets in Resources */,
				C2DEB81F2439125F003BDFB4 /* Main.storyboard in Resources */,
			);
			runOnlyForDeploymentPostprocessing = 0;
		};
		C2DEB82824391260003BDFB4 /* Resources */ = {
			isa = PBXResourcesBuildPhase;
			buildActionMask = 2147483647;
			files = (
			);
			runOnlyForDeploymentPostprocessing = 0;
		};
		C2DEB83324391260003BDFB4 /* Resources */ = {
			isa = PBXResourcesBuildPhase;
			buildActionMask = 2147483647;
			files = (
			);
			runOnlyForDeploymentPostprocessing = 0;
		};
/* End PBXResourcesBuildPhase section */

/* Begin PBXSourcesBuildPhase section */
		C2DEB8122439125F003BDFB4 /* Sources */ = {
			isa = PBXSourcesBuildPhase;
			buildActionMask = 2147483647;
			files = (
				C2DEB81C2439125F003BDFB4 /* ViewController.swift in Sources */,
				C2DEB81A2439125F003BDFB4 /* AppDelegate.swift in Sources */,
			);
			runOnlyForDeploymentPostprocessing = 0;
		};
		C2DEB82624391260003BDFB4 /* Sources */ = {
			isa = PBXSourcesBuildPhase;
			buildActionMask = 2147483647;
			files = (
				C2DEB82F24391260003BDFB4 /* _1_LightTests.swift in Sources */,
			);
			runOnlyForDeploymentPostprocessing = 0;
		};
		C2DEB83124391260003BDFB4 /* Sources */ = {
			isa = PBXSourcesBuildPhase;
			buildActionMask = 2147483647;
			files = (
				C2DEB83A24391260003BDFB4 /* _1_LightUITests.swift in Sources */,
			);
			runOnlyForDeploymentPostprocessing = 0;
		};
/* End PBXSourcesBuildPhase section */

/* Begin PBXTargetDependency section */
		C2DEB82C24391260003BDFB4 /* PBXTargetDependency */ = {
			isa = PBXTargetDependency;
			target = C2DEB8152439125F003BDFB4 /* 01-Light */;
			targetProxy = C2DEB82B24391260003BDFB4 /* PBXContainerItemProxy */;
		};
		C2DEB83724391260003BDFB4 /* PBXTargetDependency */ = {
			isa = PBXTargetDependency;
			target = C2DEB8152439125F003BDFB4 /* 01-Light */;
			targetProxy = C2DEB83624391260003BDFB4 /* PBXContainerItemProxy */;
		};
/* End PBXTargetDependency section */

/* Begin PBXVariantGroup section */
		C2DEB81D2439125F003BDFB4 /* Main.storyboard */ = {
			isa = PBXVariantGroup;
			children = (
				C2DEB81E2439125F003BDFB4 /* Base */,
			);
			name = Main.storyboard;
			sourceTree = "<group>";
		};
		C2DEB82224391260003BDFB4 /* LaunchScreen.storyboard */ = {
			isa = PBXVariantGroup;
			children = (
				C2DEB82324391260003BDFB4 /* Base */,
			);
			name = LaunchScreen.storyboard;
			sourceTree = "<group>";
		};
/* End PBXVariantGroup section */

/* Begin XCBuildConfiguration section */
		C2DEB83C24391260003BDFB4 /* Debug */ = {
			isa = XCBuildConfiguration;
			buildSettings = {
				ALWAYS_SEARCH_USER_PATHS = NO;
				CLANG_ANALYZER_NONNULL = YES;
				CLANG_ANALYZER_NUMBER_OBJECT_CONVERSION = YES_AGGRESSIVE;
				CLANG_CXX_LANGUAGE_STANDARD = "gnu++14";
				CLANG_CXX_LIBRARY = "libc++";
				CLANG_ENABLE_MODULES = YES;
				CLANG_ENABLE_OBJC_ARC = YES;
				CLANG_ENABLE_OBJC_WEAK = YES;
				CLANG_WARN_BLOCK_CAPTURE_AUTORELEASING = YES;
				CLANG_WARN_BOOL_CONVERSION = YES;
				CLANG_WARN_COMMA = YES;
				CLANG_WARN_CONSTANT_CONVERSION = YES;
				CLANG_WARN_DEPRECATED_OBJC_IMPLEMENTATIONS = YES;
				CLANG_WARN_DIRECT_OBJC_ISA_USAGE = YES_ERROR;
				CLANG_WARN_DOCUMENTATION_COMMENTS = YES;
				CLANG_WARN_EMPTY_BODY = YES;
				CLANG_WARN_ENUM_CONVERSION = YES;
				CLANG_WARN_INFINITE_RECURSION = YES;
				CLANG_WARN_INT_CONVERSION = YES;
				CLANG_WARN_NON_LITERAL_NULL_CONVERSION = YES;
				CLANG_WARN_OBJC_IMPLICIT_RETAIN_SELF = YES;
				CLANG_WARN_OBJC_LITERAL_CONVERSION = YES;
				CLANG_WARN_OBJC_ROOT_CLASS = YES_ERROR;
				CLANG_WARN_RANGE_LOOP_ANALYSIS = YES;
				CLANG_WARN_STRICT_PROTOTYPES = YES;
				CLANG_WARN_SUSPICIOUS_MOVE = YES;
				CLANG_WARN_UNGUARDED_AVAILABILITY = YES_AGGRESSIVE;
				CLANG_WARN_UNREACHABLE_CODE = YES;
				CLANG_WARN__DUPLICATE_METHOD_MATCH = YES;
				CODE_SIGN_IDENTITY = "iPhone Developer";
				COPY_PHASE_STRIP = NO;
				DEBUG_INFORMATION_FORMAT = dwarf;
				ENABLE_STRICT_OBJC_MSGSEND = YES;
				ENABLE_TESTABILITY = YES;
				GCC_C_LANGUAGE_STANDARD = gnu11;
				GCC_DYNAMIC_NO_PIC = NO;
				GCC_NO_COMMON_BLOCKS = YES;
				GCC_OPTIMIZATION_LEVEL = 0;
				GCC_PREPROCESSOR_DEFINITIONS = (
					"DEBUG=1",
					"$(inherited)",
				);
				GCC_WARN_64_TO_32_BIT_CONVERSION = YES;
				GCC_WARN_ABOUT_RETURN_TYPE = YES_ERROR;
				GCC_WARN_UNDECLARED_SELECTOR = YES;
				GCC_WARN_UNINITIALIZED_AUTOS = YES_AGGRESSIVE;
				GCC_WARN_UNUSED_FUNCTION = YES;
				GCC_WARN_UNUSED_VARIABLE = YES;
				IPHONEOS_DEPLOYMENT_TARGET = 12.4;
				MTL_ENABLE_DEBUG_INFO = INCLUDE_SOURCE;
				MTL_FAST_MATH = YES;
				ONLY_ACTIVE_ARCH = YES;
				SDKROOT = iphoneos;
				SWIFT_ACTIVE_COMPILATION_CONDITIONS = DEBUG;
				SWIFT_OPTIMIZATION_LEVEL = "-Onone";
			};
			name = Debug;
		};
		C2DEB83D24391260003BDFB4 /* Release */ = {
			isa = XCBuildConfiguration;
			buildSettings = {
				ALWAYS_SEARCH_USER_PATHS = NO;
				CLANG_ANALYZER_NONNULL = YES;
				CLANG_ANALYZER_NUMBER_OBJECT_CONVERSION = YES_AGGRESSIVE;
				CLANG_CXX_LANGUAGE_STANDARD = "gnu++14";
				CLANG_CXX_LIBRARY = "libc++";
				CLANG_ENABLE_MODULES = YES;
				CLANG_ENABLE_OBJC_ARC = YES;
				CLANG_ENABLE_OBJC_WEAK = YES;
				CLANG_WARN_BLOCK_CAPTURE_AUTORELEASING = YES;
				CLANG_WARN_BOOL_CONVERSION = YES;
				CLANG_WARN_COMMA = YES;
				CLANG_WARN_CONSTANT_CONVERSION = YES;
				CLANG_WARN_DEPRECATED_OBJC_IMPLEMENTATIONS = YES;
				CLANG_WARN_DIRECT_OBJC_ISA_USAGE = YES_ERROR;
				CLANG_WARN_DOCUMENTATION_COMMENTS = YES;
				CLANG_WARN_EMPTY_BODY = YES;
				CLANG_WARN_ENUM_CONVERSION = YES;
				CLANG_WARN_INFINITE_RECURSION = YES;
				CLANG_WARN_INT_CONVERSION = YES;
				CLANG_WARN_NON_LITERAL_NULL_CONVERSION = YES;
				CLANG_WARN_OBJC_IMPLICIT_RETAIN_SELF = YES;
				CLANG_WARN_OBJC_LITERAL_CONVERSION = YES;
				CLANG_WARN_OBJC_ROOT_CLASS = YES_ERROR;
				CLANG_WARN_RANGE_LOOP_ANALYSIS = YES;
				CLANG_WARN_STRICT_PROTOTYPES = YES;
				CLANG_WARN_SUSPICIOUS_MOVE = YES;
				CLANG_WARN_UNGUARDED_AVAILABILITY = YES_AGGRESSIVE;
				CLANG_WARN_UNREACHABLE_CODE = YES;
				CLANG_WARN__DUPLICATE_METHOD_MATCH = YES;
				CODE_SIGN_IDENTITY = "iPhone Developer";
				COPY_PHASE_STRIP = NO;
				DEBUG_INFORMATION_FORMAT = "dwarf-with-dsym";
				ENABLE_NS_ASSERTIONS = NO;
				ENABLE_STRICT_OBJC_MSGSEND = YES;
				GCC_C_LANGUAGE_STANDARD = gnu11;
				GCC_NO_COMMON_BLOCKS = YES;
				GCC_WARN_64_TO_32_BIT_CONVERSION = YES;
				GCC_WARN_ABOUT_RETURN_TYPE = YES_ERROR;
				GCC_WARN_UNDECLARED_SELECTOR = YES;
				GCC_WARN_UNINITIALIZED_AUTOS = YES_AGGRESSIVE;
				GCC_WARN_UNUSED_FUNCTION = YES;
				GCC_WARN_UNUSED_VARIABLE = YES;
				IPHONEOS_DEPLOYMENT_TARGET = 12.4;
				MTL_ENABLE_DEBUG_INFO = NO;
				MTL_FAST_MATH = YES;
				SDKROOT = iphoneos;
				SWIFT_COMPILATION_MODE = wholemodule;
				SWIFT_OPTIMIZATION_LEVEL = "-O";
				VALIDATE_PRODUCT = YES;
			};
			name = Release;
		};
		C2DEB83F24391260003BDFB4 /* Debug */ = {
			isa = XCBuildConfiguration;
			buildSettings = {
				ASSETCATALOG_COMPILER_APPICON_NAME = AppIcon;
				CODE_SIGN_STYLE = Automatic;
				DEVELOPMENT_TEAM = D5G985H7PW;
				INFOPLIST_FILE = "01-Light/Info.plist";
				LD_RUNPATH_SEARCH_PATHS = (
					"$(inherited)",
					"@executable_path/Frameworks",
				);
				PRODUCT_BUNDLE_IDENTIFIER = "com.ArmanRiasi.-1-Light";
				PRODUCT_NAME = "$(TARGET_NAME)";
				SWIFT_VERSION = 5.0;
				TARGETED_DEVICE_FAMILY = "1,2";
			};
			name = Debug;
		};
		C2DEB84024391260003BDFB4 /* Release */ = {
			isa = XCBuildConfiguration;
			buildSettings = {
				ASSETCATALOG_COMPILER_APPICON_NAME = AppIcon;
				CODE_SIGN_STYLE = Automatic;
				DEVELOPMENT_TEAM = D5G985H7PW;
				INFOPLIST_FILE = "01-Light/Info.plist";
				LD_RUNPATH_SEARCH_PATHS = (
					"$(inherited)",
					"@executable_path/Frameworks",
				);
				PRODUCT_BUNDLE_IDENTIFIER = "com.ArmanRiasi.-1-Light";
				PRODUCT_NAME = "$(TARGET_NAME)";
				SWIFT_VERSION = 5.0;
				TARGETED_DEVICE_FAMILY = "1,2";
			};
			name = Release;
		};
		C2DEB84224391260003BDFB4 /* Debug */ = {
			isa = XCBuildConfiguration;
			buildSettings = {
				ALWAYS_EMBED_SWIFT_STANDARD_LIBRARIES = YES;
				BUNDLE_LOADER = "$(TEST_HOST)";
				CODE_SIGN_STYLE = Automatic;
				DEVELOPMENT_TEAM = D5G985H7PW;
				INFOPLIST_FILE = "01-LightTests/Info.plist";
				LD_RUNPATH_SEARCH_PATHS = (
					"$(inherited)",
					"@executable_path/Frameworks",
					"@loader_path/Frameworks",
				);
				PRODUCT_BUNDLE_IDENTIFIER = "com.ArmanRiasi.-1-LightTests";
				PRODUCT_NAME = "$(TARGET_NAME)";
				SWIFT_VERSION = 5.0;
				TARGETED_DEVICE_FAMILY = "1,2";
				TEST_HOST = "$(BUILT_PRODUCTS_DIR)/01-Light.app/01-Light";
			};
			name = Debug;
		};
		C2DEB84324391260003BDFB4 /* Release */ = {
			isa = XCBuildConfiguration;
			buildSettings = {
				ALWAYS_EMBED_SWIFT_STANDARD_LIBRARIES = YES;
				BUNDLE_LOADER = "$(TEST_HOST)";
				CODE_SIGN_STYLE = Automatic;
				DEVELOPMENT_TEAM = D5G985H7PW;
				INFOPLIST_FILE = "01-LightTests/Info.plist";
				LD_RUNPATH_SEARCH_PATHS = (
					"$(inherited)",
					"@executable_path/Frameworks",
					"@loader_path/Frameworks",
				);
				PRODUCT_BUNDLE_IDENTIFIER = "com.ArmanRiasi.-1-LightTests";
				PRODUCT_NAME = "$(TARGET_NAME)";
				SWIFT_VERSION = 5.0;
				TARGETED_DEVICE_FAMILY = "1,2";
				TEST_HOST = "$(BUILT_PRODUCTS_DIR)/01-Light.app/01-Light";
			};
			name = Release;
		};
		C2DEB84524391260003BDFB4 /* Debug */ = {
			isa = XCBuildConfiguration;
			buildSettings = {
				ALWAYS_EMBED_SWIFT_STANDARD_LIBRARIES = YES;
				CODE_SIGN_STYLE = Automatic;
				DEVELOPMENT_TEAM = D5G985H7PW;
				INFOPLIST_FILE = "01-LightUITests/Info.plist";
				LD_RUNPATH_SEARCH_PATHS = (
					"$(inherited)",
					"@executable_path/Frameworks",
					"@loader_path/Frameworks",
				);
				PRODUCT_BUNDLE_IDENTIFIER = "com.ArmanRiasi.-1-LightUITests";
				PRODUCT_NAME = "$(TARGET_NAME)";
				SWIFT_VERSION = 5.0;
				TARGETED_DEVICE_FAMILY = "1,2";
				TEST_TARGET_NAME = "01-Light";
			};
			name = Debug;
		};
		C2DEB84624391260003BDFB4 /* Release */ = {
			isa = XCBuildConfiguration;
			buildSettings = {
				ALWAYS_EMBED_SWIFT_STANDARD_LIBRARIES = YES;
				CODE_SIGN_STYLE = Automatic;
				DEVELOPMENT_TEAM = D5G985H7PW;
				INFOPLIST_FILE = "01-LightUITests/Info.plist";
				LD_RUNPATH_SEARCH_PATHS = (
					"$(inherited)",
					"@executable_path/Frameworks",
					"@loader_path/Frameworks",
				);
				PRODUCT_BUNDLE_IDENTIFIER = "com.ArmanRiasi.-1-LightUITests";
				PRODUCT_NAME = "$(TARGET_NAME)";
				SWIFT_VERSION = 5.0;
				TARGETED_DEVICE_FAMILY = "1,2";
				TEST_TARGET_NAME = "01-Light";
			};
			name = Release;
		};
/* End XCBuildConfiguration section */

/* Begin XCConfigurationList section */
		C2DEB8112439125F003BDFB4 /* Build configuration list for PBXProject "01-Light" */ = {
			isa = XCConfigurationList;
			buildConfigurations = (
				C2DEB83C24391260003BDFB4 /* Debug */,
				C2DEB83D24391260003BDFB4 /* Release */,
			);
			defaultConfigurationIsVisible = 0;
			defaultConfigurationName = Release;
		};
		C2DEB83E24391260003BDFB4 /* Build configuration list for PBXNativeTarget "01-Light" */ = {
			isa = XCConfigurationList;
			buildConfigurations = (
				C2DEB83F24391260003BDFB4 /* Debug */,
				C2DEB84024391260003BDFB4 /* Release */,
			);
			defaultConfigurationIsVisible = 0;
			defaultConfigurationName = Release;
		};
		C2DEB84124391260003BDFB4 /* Build configuration list for PBXNativeTarget "01-LightTests" */ = {
			isa = XCConfigurationList;
			buildConfigurations = (
				C2DEB84224391260003BDFB4 /* Debug */,
				C2DEB84324391260003BDFB4 /* Release */,
			);
			defaultConfigurationIsVisible = 0;
			defaultConfigurationName = Release;
		};
		C2DEB84424391260003BDFB4 /* Build configuration list for PBXNativeTarget "01-LightUITests" */ = {
			isa = XCConfigurationList;
			buildConfigurations = (
				C2DEB84524391260003BDFB4 /* Debug */,
				C2DEB84624391260003BDFB4 /* Release */,
			);
			defaultConfigurationIsVisible = 0;
			defaultConfigurationName = Release;
		};
/* End XCConfigurationList section */
	};
	rootObject = C2DEB80E2439125F003BDFB4 /* Project object */;
}
